
Microsoft Visual Studio Solution File, Format Version 12.00
# Visual Studio Version 17
VisualStudioVersion = 17.2.32526.322
MinimumVisualStudioVersion = 10.0.40219.1
Project("{FAE04EC0-301F-11D3-BF4B-00C04F79EFBC}") = "ColourAPI", "ColourAPI.csproj", "{EA8A50B6-826B-4371-8A73-6D486DB5E76F}"
EndProject
Global
	GlobalSection(SolutionConfigurationPlatforms) = preSolution
		Debug|Any CPU = Debug|Any CPU
		Release|Any CPU = Release|Any CPU
	EndGlobalSection
	GlobalSection(ProjectConfigurationPlatforms) = postSolution
		{EA8A50B6-826B-4371-8A73-6D486DB5E76F}.Debug|Any CPU.ActiveCfg = Debug|Any CPU
		{EA8A50B6-826B-4371-8A73-6D486DB5E76F}.Debug|Any CPU.Build.0 = Debug|Any CPU
		{EA8A50B6-826B-4371-8A73-6D486DB5E76F}.Release|Any CPU.ActiveCfg = Release|Any CPU
		{EA8A50B6-826B-4371-8A73-6D486DB5E76F}.Release|Any CPU.Build.0 = Release|Any CPU
	EndGlobalSection
	GlobalSection(SolutionProperties) = preSolution
		HideSolutionNode = FALSE
	EndGlobalSection
	GlobalSection(ExtensibilityGlobals) = postSolution
		SolutionGuid = {BFB0BF3F-E930-40AB-8541-D212CE896FCD}
	EndGlobalSection
EndGlobal
